# This file is automatically @generated by Cargo.
# It is not intended for manual editing.
version = 3

[[package]]
name = "fs-err"
version = "2.7.0"
source = "registry+https://github.com/rust-lang/crates.io-index"
checksum = "5bd79fa345a495d3ae89fb7165fec01c0e72f41821d642dda363a1e97975652e"

[[package]]
name = "rustocompleter"
version = "1.0.0"
dependencies = [
 "fs-err",
]
